{
  "object": {
    "pins": [
      {
        "package": "Cache",
        "repositoryURL": "https://github.com/sergejs/cache.git",
        "state": {
          "branch": "main",
          "revision": "8e2d7d973b31c7b35a4727d1f938c2629c0804ce",
          "version": null
        }
      },
      {
        "package": "Encryptable",
        "repositoryURL": "https://github.com/sergejs/encryptable.git",
        "state": {
          "branch": "main",
          "revision": "b3034ceb9ec62f40c3ab160a15c6e327238bbc18",
          "version": null
        }
      },
      {
        "package": "HTTPClient",
        "repositoryURL": "https://github.com/sergejs/HTTPClient.git",
        "state": {
          "branch": "main",
          "revision": "31fcf6b282bf7d890f2fa11ac8f081832e6d9ca8",
          "version": null
        }
      },
      {
        "package": "LoadableImageView",
        "repositoryURL": "https://github.com/sergejs/LoadableImage",
        "state": {
          "branch": "main",
          "revision": "3e221ecc93b4e92cac1b1bb9b8f559db3d3330d1",
          "version": null
        }
      },
      {
        "package": "ServiceContainer",
        "repositoryURL": "https://github.com/Sergejs/ServiceContainer.git",
        "state": {
          "branch": "main",
          "revision": "769febf991b1069d8790d23e0e701fd202c8e4a6",
          "version": null
        }
      },
      {
        "package": "Storable",
        "repositoryURL": "https://github.com/sergejs/Storable.git",
        "state": {
          "branch": "main",
          "revision": "0d48609466c4752d19c1f96e7cdbafcc1c74e52e",
          "version": null
        }
      }
    ]
  },
  "version": 1
}
