// !$*UTF8*$!
{
	archiveVersion = 1;
	classes = {
	};
	objectVersion = 55;
	objects = {

/* Begin PBXBuildFile section */
		1217534C274C029B00DFB845 /* ListViewCellView.swift in Sources */ = {isa = PBXBuildFile; fileRef = 1217534B274C029B00DFB845 /* ListViewCellView.swift */; };
		1217534F274C194F00DFB845 /* DetailsCoordinator.swift in Sources */ = {isa = PBXBuildFile; fileRef = 1217534E274C194F00DFB845 /* DetailsCoordinator.swift */; };
		12175351274C197500DFB845 /* DetailsViewModel.swift in Sources */ = {isa = PBXBuildFile; fileRef = 12175350274C197500DFB845 /* DetailsViewModel.swift */; };
		12175355274C19BF00DFB845 /* DetailsView.swift in Sources */ = {isa = PBXBuildFile; fileRef = 12175354274C19BF00DFB845 /* DetailsView.swift */; };
		12175357274C1E6E00DFB845 /* DetailsImageSheetView.swift in Sources */ = {isa = PBXBuildFile; fileRef = 12175356274C1E6E00DFB845 /* DetailsImageSheetView.swift */; };
		1254A80F274D3D3400D38B56 /* Cache in Frameworks */ = {isa = PBXBuildFile; productRef = 1254A80E274D3D3400D38B56 /* Cache */; };
		1254A812274D3D7900D38B56 /* Encryptable in Frameworks */ = {isa = PBXBuildFile; productRef = 1254A811274D3D7900D38B56 /* Encryptable */; };
		1254A815274D3E0600D38B56 /* HTTPClient in Frameworks */ = {isa = PBXBuildFile; productRef = 1254A814274D3E0600D38B56 /* HTTPClient */; };
		1254A818274D3E2100D38B56 /* ServiceContainer in Frameworks */ = {isa = PBXBuildFile; productRef = 1254A817274D3E2100D38B56 /* ServiceContainer */; };
		1254A81B274D3E4100D38B56 /* Storable in Frameworks */ = {isa = PBXBuildFile; productRef = 1254A81A274D3E4100D38B56 /* Storable */; };
		12A533AE274AAB980020B908 /* AppDelegate.swift in Sources */ = {isa = PBXBuildFile; fileRef = 12A533AD274AAB980020B908 /* AppDelegate.swift */; };
		12A533B0274AAB980020B908 /* SceneDelegate.swift in Sources */ = {isa = PBXBuildFile; fileRef = 12A533AF274AAB980020B908 /* SceneDelegate.swift */; };
		12A533B2274AAB980020B908 /* ViewController.swift in Sources */ = {isa = PBXBuildFile; fileRef = 12A533B1274AAB980020B908 /* ViewController.swift */; };
		12A533B5274AAB980020B908 /* Main.storyboard in Resources */ = {isa = PBXBuildFile; fileRef = 12A533B3274AAB980020B908 /* Main.storyboard */; };
		12A533B7274AAB9A0020B908 /* Assets.xcassets in Resources */ = {isa = PBXBuildFile; fileRef = 12A533B6274AAB9A0020B908 /* Assets.xcassets */; };
		12A533BA274AAB9A0020B908 /* LaunchScreen.storyboard in Resources */ = {isa = PBXBuildFile; fileRef = 12A533B8274AAB9A0020B908 /* LaunchScreen.storyboard */; };
		12A533CE274AB5E80020B908 /* Brewery.swift in Sources */ = {isa = PBXBuildFile; fileRef = 12A533C2274AB5E80020B908 /* Brewery.swift */; };
		12A533CF274AB5E80020B908 /* ListCoordinator.swift in Sources */ = {isa = PBXBuildFile; fileRef = 12A533C6274AB5E80020B908 /* ListCoordinator.swift */; };
		12A533D0274AB5E80020B908 /* ListViewModel.swift in Sources */ = {isa = PBXBuildFile; fileRef = 12A533C7274AB5E80020B908 /* ListViewModel.swift */; };
		12A533D1274AB5E80020B908 /* ListView.swift in Sources */ = {isa = PBXBuildFile; fileRef = 12A533C8274AB5E80020B908 /* ListView.swift */; };
		12A533D2274AB5E80020B908 /* ListApiClient.swift in Sources */ = {isa = PBXBuildFile; fileRef = 12A533C9274AB5E80020B908 /* ListApiClient.swift */; };
		12A533D3274AB5E80020B908 /* Coordinator.swift in Sources */ = {isa = PBXBuildFile; fileRef = 12A533CB274AB5E80020B908 /* Coordinator.swift */; };
		12A533D4274AB5E80020B908 /* ApiClient.swift in Sources */ = {isa = PBXBuildFile; fileRef = 12A533CD274AB5E80020B908 /* ApiClient.swift */; };
		12A533ED274AB6B40020B908 /* DesignSystem in Resources */ = {isa = PBXBuildFile; fileRef = 12A533D5274AB6B40020B908 /* DesignSystem */; };
		12A533FD274AB6C20020B908 /* Utilities in Resources */ = {isa = PBXBuildFile; fileRef = 12A533FC274AB6C20020B908 /* Utilities */; };
		12A53400274AB7A00020B908 /* LoadableImageView in Frameworks */ = {isa = PBXBuildFile; productRef = 12A533FF274AB7A00020B908 /* LoadableImageView */; };
		12A53403274ACDA50020B908 /* BreweryDecoder.swift in Sources */ = {isa = PBXBuildFile; fileRef = 12A53402274ACDA50020B908 /* BreweryDecoder.swift */; };
		12A53406274AD2690020B908 /* DesignSystem in Frameworks */ = {isa = PBXBuildFile; productRef = 12A53405274AD2690020B908 /* DesignSystem */; };
		12A53408274AD2690020B908 /* Utilities in Frameworks */ = {isa = PBXBuildFile; productRef = 12A53407274AD2690020B908 /* Utilities */; };
/* End PBXBuildFile section */

/* Begin PBXFileReference section */
		1217534B274C029B00DFB845 /* ListViewCellView.swift */ = {isa = PBXFileReference; lastKnownFileType = sourcecode.swift; path = ListViewCellView.swift; sourceTree = "<group>"; };
		1217534E274C194F00DFB845 /* DetailsCoordinator.swift */ = {isa = PBXFileReference; lastKnownFileType = sourcecode.swift; path = DetailsCoordinator.swift; sourceTree = "<group>"; };
		12175350274C197500DFB845 /* DetailsViewModel.swift */ = {isa = PBXFileReference; lastKnownFileType = sourcecode.swift; path = DetailsViewModel.swift; sourceTree = "<group>"; };
		12175354274C19BF00DFB845 /* DetailsView.swift */ = {isa = PBXFileReference; lastKnownFileType = sourcecode.swift; path = DetailsView.swift; sourceTree = "<group>"; };
		12175356274C1E6E00DFB845 /* DetailsImageSheetView.swift */ = {isa = PBXFileReference; lastKnownFileType = sourcecode.swift; path = DetailsImageSheetView.swift; sourceTree = "<group>"; };
		12A533AA274AAB980020B908 /* LetsBrew.app */ = {isa = PBXFileReference; explicitFileType = wrapper.application; includeInIndex = 0; path = LetsBrew.app; sourceTree = BUILT_PRODUCTS_DIR; };
		12A533AD274AAB980020B908 /* AppDelegate.swift */ = {isa = PBXFileReference; lastKnownFileType = sourcecode.swift; path = AppDelegate.swift; sourceTree = "<group>"; };
		12A533AF274AAB980020B908 /* SceneDelegate.swift */ = {isa = PBXFileReference; lastKnownFileType = sourcecode.swift; path = SceneDelegate.swift; sourceTree = "<group>"; };
		12A533B1274AAB980020B908 /* ViewController.swift */ = {isa = PBXFileReference; lastKnownFileType = sourcecode.swift; path = ViewController.swift; sourceTree = "<group>"; };
		12A533B4274AAB980020B908 /* Base */ = {isa = PBXFileReference; lastKnownFileType = file.storyboard; name = Base; path = Base.lproj/Main.storyboard; sourceTree = "<group>"; };
		12A533B6274AAB9A0020B908 /* Assets.xcassets */ = {isa = PBXFileReference; lastKnownFileType = folder.assetcatalog; path = Assets.xcassets; sourceTree = "<group>"; };
		12A533B9274AAB9A0020B908 /* Base */ = {isa = PBXFileReference; lastKnownFileType = file.storyboard; name = Base; path = Base.lproj/LaunchScreen.storyboard; sourceTree = "<group>"; };
		12A533BB274AAB9A0020B908 /* Info.plist */ = {isa = PBXFileReference; lastKnownFileType = text.plist.xml; path = Info.plist; sourceTree = "<group>"; };
		12A533C2274AB5E80020B908 /* Brewery.swift */ = {isa = PBXFileReference; fileEncoding = 4; lastKnownFileType = sourcecode.swift; path = Brewery.swift; sourceTree = "<group>"; };
		12A533C6274AB5E80020B908 /* ListCoordinator.swift */ = {isa = PBXFileReference; fileEncoding = 4; lastKnownFileType = sourcecode.swift; path = ListCoordinator.swift; sourceTree = "<group>"; };
		12A533C7274AB5E80020B908 /* ListViewModel.swift */ = {isa = PBXFileReference; fileEncoding = 4; lastKnownFileType = sourcecode.swift; path = ListViewModel.swift; sourceTree = "<group>"; };
		12A533C8274AB5E80020B908 /* ListView.swift */ = {isa = PBXFileReference; fileEncoding = 4; lastKnownFileType = sourcecode.swift; path = ListView.swift; sourceTree = "<group>"; };
		12A533C9274AB5E80020B908 /* ListApiClient.swift */ = {isa = PBXFileReference; fileEncoding = 4; lastKnownFileType = sourcecode.swift; path = ListApiClient.swift; sourceTree = "<group>"; };
		12A533CB274AB5E80020B908 /* Coordinator.swift */ = {isa = PBXFileReference; fileEncoding = 4; lastKnownFileType = sourcecode.swift; path = Coordinator.swift; sourceTree = "<group>"; };
		12A533CD274AB5E80020B908 /* ApiClient.swift */ = {isa = PBXFileReference; fileEncoding = 4; lastKnownFileType = sourcecode.swift; path = ApiClient.swift; sourceTree = "<group>"; };
		12A533D5274AB6B40020B908 /* DesignSystem */ = {isa = PBXFileReference; lastKnownFileType = wrapper; path = DesignSystem; sourceTree = "<group>"; };
		12A533FC274AB6C20020B908 /* Utilities */ = {isa = PBXFileReference; lastKnownFileType = wrapper; path = Utilities; sourceTree = "<group>"; };
		12A53402274ACDA50020B908 /* BreweryDecoder.swift */ = {isa = PBXFileReference; lastKnownFileType = sourcecode.swift; path = BreweryDecoder.swift; sourceTree = "<group>"; };
/* End PBXFileReference section */

/* Begin PBXFrameworksBuildPhase section */
		12A533A7274AAB980020B908 /* Frameworks */ = {
			isa = PBXFrameworksBuildPhase;
			buildActionMask = 2147483647;
			files = (
				1254A812274D3D7900D38B56 /* Encryptable in Frameworks */,
				12A53400274AB7A00020B908 /* LoadableImageView in Frameworks */,
				1254A80F274D3D3400D38B56 /* Cache in Frameworks */,
				12A53408274AD2690020B908 /* Utilities in Frameworks */,
				1254A81B274D3E4100D38B56 /* Storable in Frameworks */,
				12A53406274AD2690020B908 /* DesignSystem in Frameworks */,
				1254A818274D3E2100D38B56 /* ServiceContainer in Frameworks */,
				1254A815274D3E0600D38B56 /* HTTPClient in Frameworks */,
			);
			runOnlyForDeploymentPostprocessing = 0;
		};
/* End PBXFrameworksBuildPhase section */

/* Begin PBXGroup section */
		1217534D274C193B00DFB845 /* BreweryDetails */ = {
			isa = PBXGroup;
			children = (
				1217534E274C194F00DFB845 /* DetailsCoordinator.swift */,
				12175350274C197500DFB845 /* DetailsViewModel.swift */,
				12175354274C19BF00DFB845 /* DetailsView.swift */,
				12175356274C1E6E00DFB845 /* DetailsImageSheetView.swift */,
			);
			path = BreweryDetails;
			sourceTree = "<group>";
		};
		12A533A1274AAB980020B908 = {
			isa = PBXGroup;
			children = (
				12A533AC274AAB980020B908 /* LetsBrew */,
				12A533D5274AB6B40020B908 /* DesignSystem */,
				12A533FC274AB6C20020B908 /* Utilities */,
				12A533AB274AAB980020B908 /* Products */,
				12A53404274AD2690020B908 /* Frameworks */,
			);
			sourceTree = "<group>";
		};
		12A533AB274AAB980020B908 /* Products */ = {
			isa = PBXGroup;
			children = (
				12A533AA274AAB980020B908 /* LetsBrew.app */,
			);
			name = Products;
			sourceTree = "<group>";
		};
		12A533AC274AAB980020B908 /* LetsBrew */ = {
			isa = PBXGroup;
			children = (
				12A533C1274AB5E80020B908 /* Models */,
				12A533C3274AB5E80020B908 /* Modules */,
				12A533CA274AB5E80020B908 /* Protocols */,
				12A533CC274AB5E80020B908 /* Services */,
				12A533AD274AAB980020B908 /* AppDelegate.swift */,
				12A533AF274AAB980020B908 /* SceneDelegate.swift */,
				12A533B1274AAB980020B908 /* ViewController.swift */,
				12A533B3274AAB980020B908 /* Main.storyboard */,
				12A533B6274AAB9A0020B908 /* Assets.xcassets */,
				12A533B8274AAB9A0020B908 /* LaunchScreen.storyboard */,
				12A533BB274AAB9A0020B908 /* Info.plist */,
			);
			path = LetsBrew;
			sourceTree = "<group>";
		};
		12A533C1274AB5E80020B908 /* Models */ = {
			isa = PBXGroup;
			children = (
				12A533C2274AB5E80020B908 /* Brewery.swift */,
			);
			path = Models;
			sourceTree = "<group>";
		};
		12A533C3274AB5E80020B908 /* Modules */ = {
			isa = PBXGroup;
			children = (
				1217534D274C193B00DFB845 /* BreweryDetails */,
				12A533C5274AB5E80020B908 /* BreweriesList */,
			);
			path = Modules;
			sourceTree = "<group>";
		};
		12A533C5274AB5E80020B908 /* BreweriesList */ = {
			isa = PBXGroup;
			children = (
				12A533C6274AB5E80020B908 /* ListCoordinator.swift */,
				12A533C7274AB5E80020B908 /* ListViewModel.swift */,
				12A533C8274AB5E80020B908 /* ListView.swift */,
				1217534B274C029B00DFB845 /* ListViewCellView.swift */,
				12A533C9274AB5E80020B908 /* ListApiClient.swift */,
			);
			path = BreweriesList;
			sourceTree = "<group>";
		};
		12A533CA274AB5E80020B908 /* Protocols */ = {
			isa = PBXGroup;
			children = (
				12A533CB274AB5E80020B908 /* Coordinator.swift */,
			);
			path = Protocols;
			sourceTree = "<group>";
		};
		12A533CC274AB5E80020B908 /* Services */ = {
			isa = PBXGroup;
			children = (
				12A533CD274AB5E80020B908 /* ApiClient.swift */,
				12A53402274ACDA50020B908 /* BreweryDecoder.swift */,
			);
			path = Services;
			sourceTree = "<group>";
		};
		12A53404274AD2690020B908 /* Frameworks */ = {
			isa = PBXGroup;
			children = (
			);
			name = Frameworks;
			sourceTree = "<group>";
		};
/* End PBXGroup section */

/* Begin PBXNativeTarget section */
		12A533A9274AAB980020B908 /* LetsBrew */ = {
			isa = PBXNativeTarget;
			buildConfigurationList = 12A533BE274AAB9A0020B908 /* Build configuration list for PBXNativeTarget "LetsBrew" */;
			buildPhases = (
				12A533A6274AAB980020B908 /* Sources */,
				12A533A7274AAB980020B908 /* Frameworks */,
				12A533A8274AAB980020B908 /* Resources */,
			);
			buildRules = (
			);
			dependencies = (
			);
			name = LetsBrew;
			packageProductDependencies = (
				12A533FF274AB7A00020B908 /* LoadableImageView */,
				12A53405274AD2690020B908 /* DesignSystem */,
				12A53407274AD2690020B908 /* Utilities */,
				1254A80E274D3D3400D38B56 /* Cache */,
				1254A811274D3D7900D38B56 /* Encryptable */,
				1254A814274D3E0600D38B56 /* HTTPClient */,
				1254A817274D3E2100D38B56 /* ServiceContainer */,
				1254A81A274D3E4100D38B56 /* Storable */,
			);
			productName = LetsBrew;
			productReference = 12A533AA274AAB980020B908 /* LetsBrew.app */;
			productType = "com.apple.product-type.application";
		};
/* End PBXNativeTarget section */

/* Begin PBXProject section */
		12A533A2274AAB980020B908 /* Project object */ = {
			isa = PBXProject;
			attributes = {
				BuildIndependentTargetsInParallel = 1;
				LastSwiftUpdateCheck = 1320;
				LastUpgradeCheck = 1320;
				TargetAttributes = {
					12A533A9274AAB980020B908 = {
						CreatedOnToolsVersion = 13.2;
					};
				};
			};
			buildConfigurationList = 12A533A5274AAB980020B908 /* Build configuration list for PBXProject "LetsBrew" */;
			compatibilityVersion = "Xcode 13.0";
			developmentRegion = en;
			hasScannedForEncodings = 0;
			knownRegions = (
				en,
				Base,
			);
			mainGroup = 12A533A1274AAB980020B908;
			packageReferences = (
				12A533FE274AB7A00020B908 /* XCRemoteSwiftPackageReference "LoadableImage" */,
				1254A80D274D3D3400D38B56 /* XCRemoteSwiftPackageReference "cache" */,
				1254A810274D3D7900D38B56 /* XCRemoteSwiftPackageReference "encryptable" */,
				1254A813274D3E0600D38B56 /* XCRemoteSwiftPackageReference "HTTPClient" */,
				1254A816274D3E2100D38B56 /* XCRemoteSwiftPackageReference "ServiceContainer" */,
				1254A819274D3E4100D38B56 /* XCRemoteSwiftPackageReference "Storable" */,
			);
			productRefGroup = 12A533AB274AAB980020B908 /* Products */;
			projectDirPath = "";
			projectRoot = "";
			targets = (
				12A533A9274AAB980020B908 /* LetsBrew */,
			);
		};
/* End PBXProject section */

/* Begin PBXResourcesBuildPhase section */
		12A533A8274AAB980020B908 /* Resources */ = {
			isa = PBXResourcesBuildPhase;
			buildActionMask = 2147483647;
			files = (
				12A533BA274AAB9A0020B908 /* LaunchScreen.storyboard in Resources */,
				12A533B7274AAB9A0020B908 /* Assets.xcassets in Resources */,
				12A533B5274AAB980020B908 /* Main.storyboard in Resources */,
				12A533FD274AB6C20020B908 /* Utilities in Resources */,
				12A533ED274AB6B40020B908 /* DesignSystem in Resources */,
			);
			runOnlyForDeploymentPostprocessing = 0;
		};
/* End PBXResourcesBuildPhase section */

/* Begin PBXSourcesBuildPhase section */
		12A533A6274AAB980020B908 /* Sources */ = {
			isa = PBXSourcesBuildPhase;
			buildActionMask = 2147483647;
			files = (
				12A53403274ACDA50020B908 /* BreweryDecoder.swift in Sources */,
				12A533CE274AB5E80020B908 /* Brewery.swift in Sources */,
				12A533B2274AAB980020B908 /* ViewController.swift in Sources */,
				12175357274C1E6E00DFB845 /* DetailsImageSheetView.swift in Sources */,
				1217534F274C194F00DFB845 /* DetailsCoordinator.swift in Sources */,
				12A533D0274AB5E80020B908 /* ListViewModel.swift in Sources */,
				1217534C274C029B00DFB845 /* ListViewCellView.swift in Sources */,
				12A533D2274AB5E80020B908 /* ListApiClient.swift in Sources */,
				12A533D1274AB5E80020B908 /* ListView.swift in Sources */,
				12A533AE274AAB980020B908 /* AppDelegate.swift in Sources */,
				12A533CF274AB5E80020B908 /* ListCoordinator.swift in Sources */,
				12A533B0274AAB980020B908 /* SceneDelegate.swift in Sources */,
				12175351274C197500DFB845 /* DetailsViewModel.swift in Sources */,
				12A533D3274AB5E80020B908 /* Coordinator.swift in Sources */,
				12A533D4274AB5E80020B908 /* ApiClient.swift in Sources */,
				12175355274C19BF00DFB845 /* DetailsView.swift in Sources */,
			);
			runOnlyForDeploymentPostprocessing = 0;
		};
/* End PBXSourcesBuildPhase section */

/* Begin PBXVariantGroup section */
		12A533B3274AAB980020B908 /* Main.storyboard */ = {
			isa = PBXVariantGroup;
			children = (
				12A533B4274AAB980020B908 /* Base */,
			);
			name = Main.storyboard;
			sourceTree = "<group>";
		};
		12A533B8274AAB9A0020B908 /* LaunchScreen.storyboard */ = {
			isa = PBXVariantGroup;
			children = (
				12A533B9274AAB9A0020B908 /* Base */,
			);
			name = LaunchScreen.storyboard;
			sourceTree = "<group>";
		};
/* End PBXVariantGroup section */

/* Begin XCBuildConfiguration section */
		12A533BC274AAB9A0020B908 /* Debug */ = {
			isa = XCBuildConfiguration;
			buildSettings = {
				ALWAYS_SEARCH_USER_PATHS = NO;
				CLANG_ANALYZER_NONNULL = YES;
				CLANG_ANALYZER_NUMBER_OBJECT_CONVERSION = YES_AGGRESSIVE;
				CLANG_CXX_LANGUAGE_STANDARD = "gnu++17";
				CLANG_CXX_LIBRARY = "libc++";
				CLANG_ENABLE_MODULES = YES;
				CLANG_ENABLE_OBJC_ARC = YES;
				CLANG_ENABLE_OBJC_WEAK = YES;
				CLANG_WARN_BLOCK_CAPTURE_AUTORELEASING = YES;
				CLANG_WARN_BOOL_CONVERSION = YES;
				CLANG_WARN_COMMA = YES;
				CLANG_WARN_CONSTANT_CONVERSION = YES;
				CLANG_WARN_DEPRECATED_OBJC_IMPLEMENTATIONS = YES;
				CLANG_WARN_DIRECT_OBJC_ISA_USAGE = YES_ERROR;
				CLANG_WARN_DOCUMENTATION_COMMENTS = YES;
				CLANG_WARN_EMPTY_BODY = YES;
				CLANG_WARN_ENUM_CONVERSION = YES;
				CLANG_WARN_INFINITE_RECURSION = YES;
				CLANG_WARN_INT_CONVERSION = YES;
				CLANG_WARN_NON_LITERAL_NULL_CONVERSION = YES;
				CLANG_WARN_OBJC_IMPLICIT_RETAIN_SELF = YES;
				CLANG_WARN_OBJC_LITERAL_CONVERSION = YES;
				CLANG_WARN_OBJC_ROOT_CLASS = YES_ERROR;
				CLANG_WARN_QUOTED_INCLUDE_IN_FRAMEWORK_HEADER = YES;
				CLANG_WARN_RANGE_LOOP_ANALYSIS = YES;
				CLANG_WARN_STRICT_PROTOTYPES = YES;
				CLANG_WARN_SUSPICIOUS_MOVE = YES;
				CLANG_WARN_UNGUARDED_AVAILABILITY = YES_AGGRESSIVE;
				CLANG_WARN_UNREACHABLE_CODE = YES;
				CLANG_WARN__DUPLICATE_METHOD_MATCH = YES;
				COPY_PHASE_STRIP = NO;
				DEBUG_INFORMATION_FORMAT = dwarf;
				ENABLE_STRICT_OBJC_MSGSEND = YES;
				ENABLE_TESTABILITY = YES;
				GCC_C_LANGUAGE_STANDARD = gnu11;
				GCC_DYNAMIC_NO_PIC = NO;
				GCC_NO_COMMON_BLOCKS = YES;
				GCC_OPTIMIZATION_LEVEL = 0;
				GCC_PREPROCESSOR_DEFINITIONS = (
					"DEBUG=1",
					"$(inherited)",
				);
				GCC_WARN_64_TO_32_BIT_CONVERSION = YES;
				GCC_WARN_ABOUT_RETURN_TYPE = YES_ERROR;
				GCC_WARN_UNDECLARED_SELECTOR = YES;
				GCC_WARN_UNINITIALIZED_AUTOS = YES_AGGRESSIVE;
				GCC_WARN_UNUSED_FUNCTION = YES;
				GCC_WARN_UNUSED_VARIABLE = YES;
				IPHONEOS_DEPLOYMENT_TARGET = 15.2;
				MTL_ENABLE_DEBUG_INFO = INCLUDE_SOURCE;
				MTL_FAST_MATH = YES;
				ONLY_ACTIVE_ARCH = YES;
				SDKROOT = iphoneos;
				SWIFT_ACTIVE_COMPILATION_CONDITIONS = DEBUG;
				SWIFT_OPTIMIZATION_LEVEL = "-Onone";
			};
			name = Debug;
		};
		12A533BD274AAB9A0020B908 /* Release */ = {
			isa = XCBuildConfiguration;
			buildSettings = {
				ALWAYS_SEARCH_USER_PATHS = NO;
				CLANG_ANALYZER_NONNULL = YES;
				CLANG_ANALYZER_NUMBER_OBJECT_CONVERSION = YES_AGGRESSIVE;
				CLANG_CXX_LANGUAGE_STANDARD = "gnu++17";
				CLANG_CXX_LIBRARY = "libc++";
				CLANG_ENABLE_MODULES = YES;
				CLANG_ENABLE_OBJC_ARC = YES;
				CLANG_ENABLE_OBJC_WEAK = YES;
				CLANG_WARN_BLOCK_CAPTURE_AUTORELEASING = YES;
				CLANG_WARN_BOOL_CONVERSION = YES;
				CLANG_WARN_COMMA = YES;
				CLANG_WARN_CONSTANT_CONVERSION = YES;
				CLANG_WARN_DEPRECATED_OBJC_IMPLEMENTATIONS = YES;
				CLANG_WARN_DIRECT_OBJC_ISA_USAGE = YES_ERROR;
				CLANG_WARN_DOCUMENTATION_COMMENTS = YES;
				CLANG_WARN_EMPTY_BODY = YES;
				CLANG_WARN_ENUM_CONVERSION = YES;
				CLANG_WARN_INFINITE_RECURSION = YES;
				CLANG_WARN_INT_CONVERSION = YES;
				CLANG_WARN_NON_LITERAL_NULL_CONVERSION = YES;
				CLANG_WARN_OBJC_IMPLICIT_RETAIN_SELF = YES;
				CLANG_WARN_OBJC_LITERAL_CONVERSION = YES;
				CLANG_WARN_OBJC_ROOT_CLASS = YES_ERROR;
				CLANG_WARN_QUOTED_INCLUDE_IN_FRAMEWORK_HEADER = YES;
				CLANG_WARN_RANGE_LOOP_ANALYSIS = YES;
				CLANG_WARN_STRICT_PROTOTYPES = YES;
				CLANG_WARN_SUSPICIOUS_MOVE = YES;
				CLANG_WARN_UNGUARDED_AVAILABILITY = YES_AGGRESSIVE;
				CLANG_WARN_UNREACHABLE_CODE = YES;
				CLANG_WARN__DUPLICATE_METHOD_MATCH = YES;
				COPY_PHASE_STRIP = NO;
				DEBUG_INFORMATION_FORMAT = "dwarf-with-dsym";
				ENABLE_NS_ASSERTIONS = NO;
				ENABLE_STRICT_OBJC_MSGSEND = YES;
				GCC_C_LANGUAGE_STANDARD = gnu11;
				GCC_NO_COMMON_BLOCKS = YES;
				GCC_WARN_64_TO_32_BIT_CONVERSION = YES;
				GCC_WARN_ABOUT_RETURN_TYPE = YES_ERROR;
				GCC_WARN_UNDECLARED_SELECTOR = YES;
				GCC_WARN_UNINITIALIZED_AUTOS = YES_AGGRESSIVE;
				GCC_WARN_UNUSED_FUNCTION = YES;
				GCC_WARN_UNUSED_VARIABLE = YES;
				IPHONEOS_DEPLOYMENT_TARGET = 15.2;
				MTL_ENABLE_DEBUG_INFO = NO;
				MTL_FAST_MATH = YES;
				SDKROOT = iphoneos;
				SWIFT_COMPILATION_MODE = wholemodule;
				SWIFT_OPTIMIZATION_LEVEL = "-O";
				VALIDATE_PRODUCT = YES;
			};
			name = Release;
		};
		12A533BF274AAB9A0020B908 /* Debug */ = {
			isa = XCBuildConfiguration;
			buildSettings = {
				ASSETCATALOG_COMPILER_APPICON_NAME = AppIcon;
				ASSETCATALOG_COMPILER_GLOBAL_ACCENT_COLOR_NAME = AccentColor;
				CODE_SIGN_STYLE = Automatic;
				CURRENT_PROJECT_VERSION = 1;
				DEVELOPMENT_TEAM = 65H97BSYWH;
				GENERATE_INFOPLIST_FILE = YES;
				INFOPLIST_FILE = LetsBrew/Info.plist;
				INFOPLIST_KEY_UIApplicationSupportsIndirectInputEvents = YES;
				INFOPLIST_KEY_UILaunchStoryboardName = LaunchScreen;
				INFOPLIST_KEY_UIMainStoryboardFile = Main;
				INFOPLIST_KEY_UISupportedInterfaceOrientations_iPad = "UIInterfaceOrientationPortrait UIInterfaceOrientationPortraitUpsideDown UIInterfaceOrientationLandscapeLeft UIInterfaceOrientationLandscapeRight";
				INFOPLIST_KEY_UISupportedInterfaceOrientations_iPhone = "UIInterfaceOrientationPortrait UIInterfaceOrientationLandscapeLeft UIInterfaceOrientationLandscapeRight";
				LD_RUNPATH_SEARCH_PATHS = (
					"$(inherited)",
					"@executable_path/Frameworks",
				);
				MARKETING_VERSION = 1.0;
				PRODUCT_BUNDLE_IDENTIFIER = AppPlaygrounds.LetsBrew;
				PRODUCT_NAME = "$(TARGET_NAME)";
				SWIFT_EMIT_LOC_STRINGS = YES;
				SWIFT_VERSION = 5.0;
				TARGETED_DEVICE_FAMILY = "1,2";
			};
			name = Debug;
		};
		12A533C0274AAB9A0020B908 /* Release */ = {
			isa = XCBuildConfiguration;
			buildSettings = {
				ASSETCATALOG_COMPILER_APPICON_NAME = AppIcon;
				ASSETCATALOG_COMPILER_GLOBAL_ACCENT_COLOR_NAME = AccentColor;
				CODE_SIGN_STYLE = Automatic;
				CURRENT_PROJECT_VERSION = 1;
				DEVELOPMENT_TEAM = 65H97BSYWH;
				GENERATE_INFOPLIST_FILE = YES;
				INFOPLIST_FILE = LetsBrew/Info.plist;
				INFOPLIST_KEY_UIApplicationSupportsIndirectInputEvents = YES;
				INFOPLIST_KEY_UILaunchStoryboardName = LaunchScreen;
				INFOPLIST_KEY_UIMainStoryboardFile = Main;
				INFOPLIST_KEY_UISupportedInterfaceOrientations_iPad = "UIInterfaceOrientationPortrait UIInterfaceOrientationPortraitUpsideDown UIInterfaceOrientationLandscapeLeft UIInterfaceOrientationLandscapeRight";
				INFOPLIST_KEY_UISupportedInterfaceOrientations_iPhone = "UIInterfaceOrientationPortrait UIInterfaceOrientationLandscapeLeft UIInterfaceOrientationLandscapeRight";
				LD_RUNPATH_SEARCH_PATHS = (
					"$(inherited)",
					"@executable_path/Frameworks",
				);
				MARKETING_VERSION = 1.0;
				PRODUCT_BUNDLE_IDENTIFIER = AppPlaygrounds.LetsBrew;
				PRODUCT_NAME = "$(TARGET_NAME)";
				SWIFT_EMIT_LOC_STRINGS = YES;
				SWIFT_VERSION = 5.0;
				TARGETED_DEVICE_FAMILY = "1,2";
			};
			name = Release;
		};
/* End XCBuildConfiguration section */

/* Begin XCConfigurationList section */
		12A533A5274AAB980020B908 /* Build configuration list for PBXProject "LetsBrew" */ = {
			isa = XCConfigurationList;
			buildConfigurations = (
				12A533BC274AAB9A0020B908 /* Debug */,
				12A533BD274AAB9A0020B908 /* Release */,
			);
			defaultConfigurationIsVisible = 0;
			defaultConfigurationName = Release;
		};
		12A533BE274AAB9A0020B908 /* Build configuration list for PBXNativeTarget "LetsBrew" */ = {
			isa = XCConfigurationList;
			buildConfigurations = (
				12A533BF274AAB9A0020B908 /* Debug */,
				12A533C0274AAB9A0020B908 /* Release */,
			);
			defaultConfigurationIsVisible = 0;
			defaultConfigurationName = Release;
		};
/* End XCConfigurationList section */

/* Begin XCRemoteSwiftPackageReference section */
		1254A80D274D3D3400D38B56 /* XCRemoteSwiftPackageReference "cache" */ = {
			isa = XCRemoteSwiftPackageReference;
			repositoryURL = "https://github.com/sergejs/cache.git";
			requirement = {
				branch = main;
				kind = branch;
			};
		};
		1254A810274D3D7900D38B56 /* XCRemoteSwiftPackageReference "encryptable" */ = {
			isa = XCRemoteSwiftPackageReference;
			repositoryURL = "https://github.com/sergejs/encryptable.git";
			requirement = {
				branch = main;
				kind = branch;
			};
		};
		1254A813274D3E0600D38B56 /* XCRemoteSwiftPackageReference "HTTPClient" */ = {
			isa = XCRemoteSwiftPackageReference;
			repositoryURL = "https://github.com/sergejs/HTTPClient.git";
			requirement = {
				branch = main;
				kind = branch;
			};
		};
		1254A816274D3E2100D38B56 /* XCRemoteSwiftPackageReference "ServiceContainer" */ = {
			isa = XCRemoteSwiftPackageReference;
			repositoryURL = "https://github.com/Sergejs/ServiceContainer.git";
			requirement = {
				branch = main;
				kind = branch;
			};
		};
		1254A819274D3E4100D38B56 /* XCRemoteSwiftPackageReference "Storable" */ = {
			isa = XCRemoteSwiftPackageReference;
			repositoryURL = "https://github.com/sergejs/Storable.git";
			requirement = {
				branch = main;
				kind = branch;
			};
		};
		12A533FE274AB7A00020B908 /* XCRemoteSwiftPackageReference "LoadableImage" */ = {
			isa = XCRemoteSwiftPackageReference;
			repositoryURL = "https://github.com/sergejs/LoadableImage";
			requirement = {
				branch = main;
				kind = branch;
			};
		};
/* End XCRemoteSwiftPackageReference section */

/* Begin XCSwiftPackageProductDependency section */
		1254A80E274D3D3400D38B56 /* Cache */ = {
			isa = XCSwiftPackageProductDependency;
			package = 1254A80D274D3D3400D38B56 /* XCRemoteSwiftPackageReference "cache" */;
			productName = Cache;
		};
		1254A811274D3D7900D38B56 /* Encryptable */ = {
			isa = XCSwiftPackageProductDependency;
			package = 1254A810274D3D7900D38B56 /* XCRemoteSwiftPackageReference "encryptable" */;
			productName = Encryptable;
		};
		1254A814274D3E0600D38B56 /* HTTPClient */ = {
			isa = XCSwiftPackageProductDependency;
			package = 1254A813274D3E0600D38B56 /* XCRemoteSwiftPackageReference "HTTPClient" */;
			productName = HTTPClient;
		};
		1254A817274D3E2100D38B56 /* ServiceContainer */ = {
			isa = XCSwiftPackageProductDependency;
			package = 1254A816274D3E2100D38B56 /* XCRemoteSwiftPackageReference "ServiceContainer" */;
			productName = ServiceContainer;
		};
		1254A81A274D3E4100D38B56 /* Storable */ = {
			isa = XCSwiftPackageProductDependency;
			package = 1254A819274D3E4100D38B56 /* XCRemoteSwiftPackageReference "Storable" */;
			productName = Storable;
		};
		12A533FF274AB7A00020B908 /* LoadableImageView */ = {
			isa = XCSwiftPackageProductDependency;
			package = 12A533FE274AB7A00020B908 /* XCRemoteSwiftPackageReference "LoadableImage" */;
			productName = LoadableImageView;
		};
		12A53405274AD2690020B908 /* DesignSystem */ = {
			isa = XCSwiftPackageProductDependency;
			productName = DesignSystem;
		};
		12A53407274AD2690020B908 /* Utilities */ = {
			isa = XCSwiftPackageProductDependency;
			productName = Utilities;
		};
/* End XCSwiftPackageProductDependency section */
	};
	rootObject = 12A533A2274AAB980020B908 /* Project object */;
}
